{
  "name": "tripplanner",
  "lockfileVersion": 3,
  "requires": true,
  "packages": {
    "": {
      "dependencies": {
        "@editorjs/code": "^2.9.3",
        "@editorjs/editorjs": "^2.30.8",
        "@editorjs/embed": "^2.7.6",
        "@editorjs/header": "^2.8.8",
        "@editorjs/image": "^2.10.3",
        "@editorjs/list": "^2.0.8",
        "@editorjs/marker": "^1.4.0",
        "@editorjs/quote": "^2.7.6",
        "@tiptap/extension-blockquote": "^3.3.0",
        "@tiptap/extension-code-block": "^3.3.0",
        "@tiptap/extension-horizontal-rule": "^3.3.0",
        "@tiptap/extension-image": "^3.3.0",
        "@tiptap/extension-placeholder": "^3.3.0",
        "@tiptap/react": "^3.3.0",
        "@tiptap/starter-kit": "^3.3.0"
      }
    },
    "node_modules/@codexteam/icons": {
      "version": "0.3.3",
      "resolved": "https://registry.npmjs.org/@codexteam/icons/-/icons-0.3.3.tgz",
      "integrity": "sha512-cp7mkZPgmBuSxigTm3Vb+DtVHYeX7qXfQd7o05vcLD8Ag5WvRlol2QSn5P10k0CDAJwmkH9nQGQLBycErS9lsQ==",
      "license": "MIT"
    },
    "node_modules/@editorjs/code": {
      "version": "2.9.3",
      "resolved": "https://registry.npmjs.org/@editorjs/code/-/code-2.9.3.tgz",
      "integrity": "sha512-nXUrK3CjhpubvShYtcbkpZ9SU15IYwmJOsWZrlWYSzy9unZBRQthii6eABndsCtODzzV0yiSKmTp00RQkFow3Q==",
      "license": "MIT",
      "dependencies": {
        "@codexteam/icons": "^0.3.2"
      }
    },
    "node_modules/@editorjs/dom": {
      "version": "0.0.5",
      "resolved": "https://registry.npmjs.org/@editorjs/dom/-/dom-0.0.5.tgz",
      "integrity": "sha512-SZ78Gwpkp3EUhjBIp0lSojeQ35V9acF8SubJsMeOH/vlOUE40GOnvvwWZnF05lO7bIB0dOHhhJy4N7IIAWxP2w==",
      "license": "MIT",
      "dependencies": {
        "@editorjs/helpers": "^0.0.4"
      }
    },
    "node_modules/@editorjs/editorjs": {
      "version": "2.30.8",
      "resolved": "https://registry.npmjs.org/@editorjs/editorjs/-/editorjs-2.30.8.tgz",
      "integrity": "sha512-ClFuxI1qZTfXPJTacQfsJtOUP6bKoIe6BQNdAvGsDTDVwMnZEzoaSOwvUpdZEE56xppVfQueNK/1MElV9SJKHg==",
      "license": "Apache-2.0"
    },
    "node_modules/@editorjs/embed": {
      "version": "2.7.6",
      "resolved": "https://registry.npmjs.org/@editorjs/embed/-/embed-2.7.6.tgz",
      "integrity": "sha512-L3agW/23mOI0L+oksUE9UOR5VSNCqapxLH5lma+5j+idjKCC31nxbx07x53MSJ4rlOTO1L7cFVhkqptEdOliJA==",
      "license": "MIT",
      "dependencies": {
        "@editorjs/editorjs": "^2.29.1"
      }
    },
    "node_modules/@editorjs/header": {
      "version": "2.8.8",
      "resolved": "https://registry.npmjs.org/@editorjs/header/-/header-2.8.8.tgz",
      "integrity": "sha512-bsMSs34u2hoi0UBuRoc5EGWXIFzJiwYgkFUYQGVm63y5FU+s8zPBmVx5Ip2sw1xgs0fqfDROqmteMvvmbCy62w==",
      "license": "MIT",
      "dependencies": {
        "@codexteam/icons": "^0.0.5",
        "@editorjs/editorjs": "^2.29.1"
      }
    },
    "node_modules/@editorjs/header/node_modules/@codexteam/icons": {
      "version": "0.0.5",
      "resolved": "https://registry.npmjs.org/@codexteam/icons/-/icons-0.0.5.tgz",
      "integrity": "sha512-s6H2KXhLz2rgbMZSkRm8dsMJvyUNZsEjxobBEg9ztdrb1B2H3pEzY6iTwI4XUPJWJ3c3qRKwV4TrO3J5jUdoQA==",
      "license": "MIT"
    },
    "node_modules/@editorjs/helpers": {
      "version": "0.0.4",
      "resolved": "https://registry.npmjs.org/@editorjs/helpers/-/helpers-0.0.4.tgz",
      "integrity": "sha512-ieg3dzo2m1/ELze/RMNADiAiC5amXxIlVXoJ5vvXITOu/p/dPsrF+Oi3h5gBYvtGk9vg5LJUSG5YWU0tBUO1tw==",
      "license": "MIT"
    },
    "node_modules/@editorjs/image": {
      "version": "2.10.3",
      "resolved": "https://registry.npmjs.org/@editorjs/image/-/image-2.10.3.tgz",
      "integrity": "sha512-ekCsGICZOIdghF/U2T34H7CItqaWAoJDXbkRD+x8l/LIo/7Ozf7KovYm21qz+CluArgV4RurVFHqwlz+O0vfJA==",
      "license": "MIT",
      "dependencies": {
        "@codexteam/icons": "^0.3.0"
      }
    },
    "node_modules/@editorjs/list": {
      "version": "2.0.8",
      "resolved": "https://registry.npmjs.org/@editorjs/list/-/list-2.0.8.tgz",
      "integrity": "sha512-/EJNvpeJYa1YDtYa85ug9R3sbDyI5ZlMHQ2bIh5S9iPa19qXe45jk6kgcew+jMNQq3j4NS4Q6YeeFbU1QkNMWw==",
      "license": "MIT",
      "dependencies": {
        "@codexteam/icons": "^0.3.2"
      }
    },
    "node_modules/@editorjs/marker": {
      "version": "1.4.0",
      "resolved": "https://registry.npmjs.org/@editorjs/marker/-/marker-1.4.0.tgz",
      "integrity": "sha512-5ipEXfL44jTTRzgNp/p/YjMO7jT08S5z4V8qA3FFJTfdhKgQyM3mvP1zpdYKw47ZZpVWMCncvk5Nto3BxihEtg==",
      "license": "MIT",
      "dependencies": {
        "@codexteam/icons": "^0.0.5"
      }
    },
    "node_modules/@editorjs/marker/node_modules/@codexteam/icons": {
      "version": "0.0.5",
      "resolved": "https://registry.npmjs.org/@codexteam/icons/-/icons-0.0.5.tgz",
      "integrity": "sha512-s6H2KXhLz2rgbMZSkRm8dsMJvyUNZsEjxobBEg9ztdrb1B2H3pEzY6iTwI4XUPJWJ3c3qRKwV4TrO3J5jUdoQA==",
      "license": "MIT"
    },
    "node_modules/@editorjs/quote": {
      "version": "2.7.6",
      "resolved": "https://registry.npmjs.org/@editorjs/quote/-/quote-2.7.6.tgz",
      "integrity": "sha512-D01KUMSDj2r+6Z+xjDkQqI+y6URpeHCvj0+P4pah+GtkG040lWjFb2H4pgHFXuol2cbfyAoraYSw85fuPheCvw==",
      "license": "MIT",
      "dependencies": {
        "@codexteam/icons": "^0.3.2",
        "@editorjs/dom": "^0.0.5"
      }
    },
    "node_modules/@floating-ui/core": {
      "version": "1.7.3",
      "license": "MIT",
      "optional": true,
      "dependencies": {
        "@floating-ui/utils": "^0.2.10"
      }
    },
    "node_modules/@floating-ui/dom": {
      "version": "1.7.4",
      "license": "MIT",
      "optional": true,
      "dependencies": {
        "@floating-ui/core": "^1.7.3",
        "@floating-ui/utils": "^0.2.10"
      }
    },
    "node_modules/@floating-ui/utils": {
      "version": "0.2.10",
      "license": "MIT",
      "optional": true
    },
    "node_modules/@remirror/core-constants": {
      "version": "3.0.0",
      "license": "MIT"
    },
    "node_modules/@tiptap/core": {
      "version": "3.3.0",
      "license": "MIT",
      "funding": {
        "type": "github",
        "url": "https://github.com/sponsors/ueberdosis"
      },
      "peerDependencies": {
        "@tiptap/pm": "^3.3.0"
      }
    },
    "node_modules/@tiptap/extension-blockquote": {
      "version": "3.3.0",
      "resolved": "https://registry.npmjs.org/@tiptap/extension-blockquote/-/extension-blockquote-3.3.0.tgz",
      "integrity": "sha512-CdntInLJl2L+suvX+YVNDQ0XZ0+NruGco50Gu4XOWkxyAK18FitW8aa+MnbaulPvinrVDyo4H1PQYdZsy3PIbw==",
      "license": "MIT",
      "funding": {
        "type": "github",
        "url": "https://github.com/sponsors/ueberdosis"
      },
      "peerDependencies": {
        "@tiptap/core": "^3.3.0"
      }
    },
    "node_modules/@tiptap/extension-bold": {
      "version": "3.3.0",
      "license": "MIT",
      "funding": {
        "type": "github",
        "url": "https://github.com/sponsors/ueberdosis"
      },
      "peerDependencies": {
        "@tiptap/core": "^3.3.0"
      }
    },
    "node_modules/@tiptap/extension-bubble-menu": {
      "version": "3.3.0",
      "license": "MIT",
      "optional": true,
      "dependencies": {
        "@floating-ui/dom": "^1.0.0"
      },
      "funding": {
        "type": "github",
        "url": "https://github.com/sponsors/ueberdosis"
      },
      "peerDependencies": {
        "@tiptap/core": "^3.3.0",
        "@tiptap/pm": "^3.3.0"
      }
    },
    "node_modules/@tiptap/extension-bullet-list": {
      "version": "3.3.0",
      "license": "MIT",
      "funding": {
        "type": "github",
        "url": "https://github.com/sponsors/ueberdosis"
      },
      "peerDependencies": {
        "@tiptap/extension-list": "^3.3.0"
      }
    },
    "node_modules/@tiptap/extension-code": {
      "version": "3.3.0",
      "license": "MIT",
      "funding": {
        "type": "github",
        "url": "https://github.com/sponsors/ueberdosis"
      },
      "peerDependencies": {
        "@tiptap/core": "^3.3.0"
      }
    },
    "node_modules/@tiptap/extension-code-block": {
      "version": "3.3.0",
      "resolved": "https://registry.npmjs.org/@tiptap/extension-code-block/-/extension-code-block-3.3.0.tgz",
      "integrity": "sha512-CljkYxkv1XdUEOheQQrae7uqI0gAESfLg7kTxZtIeKLUmsJ7izRn+Ynpt7s83v772rzNw7cm47g2NW+pmNLH+Q==",
      "license": "MIT",
      "funding": {
        "type": "github",
        "url": "https://github.com/sponsors/ueberdosis"
      },
      "peerDependencies": {
        "@tiptap/core": "^3.3.0",
        "@tiptap/pm": "^3.3.0"
      }
    },
    "node_modules/@tiptap/extension-document": {
      "version": "3.3.0",
      "license": "MIT",
      "funding": {
        "type": "github",
        "url": "https://github.com/sponsors/ueberdosis"
      },
      "peerDependencies": {
        "@tiptap/core": "^3.3.0"
      }
    },
    "node_modules/@tiptap/extension-dropcursor": {
      "version": "3.3.0",
      "license": "MIT",
      "funding": {
        "type": "github",
        "url": "https://github.com/sponsors/ueberdosis"
      },
      "peerDependencies": {
        "@tiptap/extensions": "^3.3.0"
      }
    },
    "node_modules/@tiptap/extension-floating-menu": {
      "version": "3.3.0",
      "license": "MIT",
      "optional": true,
      "funding": {
        "type": "github",
        "url": "https://github.com/sponsors/ueberdosis"
      },
      "peerDependencies": {
        "@floating-ui/dom": "^1.0.0",
        "@tiptap/core": "^3.3.0",
        "@tiptap/pm": "^3.3.0"
      }
    },
    "node_modules/@tiptap/extension-gapcursor": {
      "version": "3.3.0",
      "license": "MIT",
      "funding": {
        "type": "github",
        "url": "https://github.com/sponsors/ueberdosis"
      },
      "peerDependencies": {
        "@tiptap/extensions": "^3.3.0"
      }
    },
    "node_modules/@tiptap/extension-hard-break": {
      "version": "3.3.0",
      "license": "MIT",
      "funding": {
        "type": "github",
        "url": "https://github.com/sponsors/ueberdosis"
      },
      "peerDependencies": {
        "@tiptap/core": "^3.3.0"
      }
    },
    "node_modules/@tiptap/extension-heading": {
      "version": "3.3.0",
      "license": "MIT",
      "funding": {
        "type": "github",
        "url": "https://github.com/sponsors/ueberdosis"
      },
      "peerDependencies": {
        "@tiptap/core": "^3.3.0"
      }
    },
    "node_modules/@tiptap/extension-horizontal-rule": {
      "version": "3.3.0",
      "resolved": "https://registry.npmjs.org/@tiptap/extension-horizontal-rule/-/extension-horizontal-rule-3.3.0.tgz",
      "integrity": "sha512-7mt2+ETWd3XecQMRKVwG6UBbiU55Pe/RJkyyVx7AEKzzMCC2g9F+77Y4uZitIrcmqXqWsBmQEIYkIVme6h12/A==",
      "license": "MIT",
      "funding": {
        "type": "github",
        "url": "https://github.com/sponsors/ueberdosis"
      },
      "peerDependencies": {
        "@tiptap/core": "^3.3.0",
        "@tiptap/pm": "^3.3.0"
      }
    },
    "node_modules/@tiptap/extension-image": {
      "version": "3.3.0",
      "resolved": "https://registry.npmjs.org/@tiptap/extension-image/-/extension-image-3.3.0.tgz",
      "integrity": "sha512-iaBpCBYl/JHQk/sPMNFTUDrX/aRN9hV4myJOS8yGftZ6BSs9fD0kgyD4f8Rqks/u9KagORxKDC0foe2bPPq+2Q==",
      "license": "MIT",
      "funding": {
        "type": "github",
        "url": "https://github.com/sponsors/ueberdosis"
      },
      "peerDependencies": {
        "@tiptap/core": "^3.3.0"
      }
    },
    "node_modules/@tiptap/extension-italic": {
      "version": "3.3.0",
      "license": "MIT",
      "funding": {
        "type": "github",
        "url": "https://github.com/sponsors/ueberdosis"
      },
      "peerDependencies": {
        "@tiptap/core": "^3.3.0"
      }
    },
    "node_modules/@tiptap/extension-link": {
      "version": "3.3.0",
      "license": "MIT",
      "dependencies": {
        "linkifyjs": "^4.3.2"
      },
      "funding": {
        "type": "github",
        "url": "https://github.com/sponsors/ueberdosis"
      },
      "peerDependencies": {
        "@tiptap/core": "^3.3.0",
        "@tiptap/pm": "^3.3.0"
      }
    },
    "node_modules/@tiptap/extension-list": {
      "version": "3.3.0",
      "license": "MIT",
      "funding": {
        "type": "github",
        "url": "https://github.com/sponsors/ueberdosis"
      },
      "peerDependencies": {
        "@tiptap/core": "^3.3.0",
        "@tiptap/pm": "^3.3.0"
      }
    },
    "node_modules/@tiptap/extension-list-item": {
      "version": "3.3.0",
      "license": "MIT",
      "funding": {
        "type": "github",
        "url": "https://github.com/sponsors/ueberdosis"
      },
      "peerDependencies": {
        "@tiptap/extension-list": "^3.3.0"
      }
    },
    "node_modules/@tiptap/extension-list-keymap": {
      "version": "3.3.0",
      "license": "MIT",
      "funding": {
        "type": "github",
        "url": "https://github.com/sponsors/ueberdosis"
      },
      "peerDependencies": {
        "@tiptap/extension-list": "^3.3.0"
      }
    },
    "node_modules/@tiptap/extension-ordered-list": {
      "version": "3.3.0",
      "license": "MIT",
      "funding": {
        "type": "github",
        "url": "https://github.com/sponsors/ueberdosis"
      },
      "peerDependencies": {
        "@tiptap/extension-list": "^3.3.0"
      }
    },
    "node_modules/@tiptap/extension-paragraph": {
      "version": "3.3.0",
      "license": "MIT",
      "funding": {
        "type": "github",
        "url": "https://github.com/sponsors/ueberdosis"
      },
      "peerDependencies": {
        "@tiptap/core": "^3.3.0"
      }
    },
    "node_modules/@tiptap/extension-placeholder": {
      "version": "3.3.0",
      "resolved": "https://registry.npmjs.org/@tiptap/extension-placeholder/-/extension-placeholder-3.3.0.tgz",
      "integrity": "sha512-57QLqzYna5F1Qf6mwRPE+IEUACZnJQyOhJCKHjM6yqobETUH8z464vQQruUxUuYLNIItqcJwiEDE/PA+TjKx6g==",
      "license": "MIT",
      "funding": {
        "type": "github",
        "url": "https://github.com/sponsors/ueberdosis"
      },
      "peerDependencies": {
        "@tiptap/extensions": "^3.3.0"
      }
    },
    "node_modules/@tiptap/extension-strike": {
      "version": "3.3.0",
      "license": "MIT",
      "funding": {
        "type": "github",
        "url": "https://github.com/sponsors/ueberdosis"
      },
      "peerDependencies": {
        "@tiptap/core": "^3.3.0"
      }
    },
    "node_modules/@tiptap/extension-text": {
      "version": "3.3.0",
      "license": "MIT",
      "funding": {
        "type": "github",
        "url": "https://github.com/sponsors/ueberdosis"
      },
      "peerDependencies": {
        "@tiptap/core": "^3.3.0"
      }
    },
    "node_modules/@tiptap/extension-underline": {
      "version": "3.3.0",
      "license": "MIT",
      "funding": {
        "type": "github",
        "url": "https://github.com/sponsors/ueberdosis"
      },
      "peerDependencies": {
        "@tiptap/core": "^3.3.0"
      }
    },
    "node_modules/@tiptap/extensions": {
      "version": "3.3.0",
      "license": "MIT",
      "funding": {
        "type": "github",
        "url": "https://github.com/sponsors/ueberdosis"
      },
      "peerDependencies": {
        "@tiptap/core": "^3.3.0",
        "@tiptap/pm": "^3.3.0"
      }
    },
    "node_modules/@tiptap/pm": {
      "version": "3.3.0",
      "license": "MIT",
      "dependencies": {
        "prosemirror-changeset": "^2.3.0",
        "prosemirror-collab": "^1.3.1",
        "prosemirror-commands": "^1.6.2",
        "prosemirror-dropcursor": "^1.8.1",
        "prosemirror-gapcursor": "^1.3.2",
        "prosemirror-history": "^1.4.1",
        "prosemirror-inputrules": "^1.4.0",
        "prosemirror-keymap": "^1.2.2",
        "prosemirror-markdown": "^1.13.1",
        "prosemirror-menu": "^1.2.4",
        "prosemirror-model": "^1.24.1",
        "prosemirror-schema-basic": "^1.2.3",
        "prosemirror-schema-list": "^1.5.0",
        "prosemirror-state": "^1.4.3",
        "prosemirror-tables": "^1.6.4",
        "prosemirror-trailing-node": "^3.0.0",
        "prosemirror-transform": "^1.10.2",
        "prosemirror-view": "^1.38.1"
      },
      "funding": {
        "type": "github",
        "url": "https://github.com/sponsors/ueberdosis"
      }
    },
    "node_modules/@tiptap/react": {
      "version": "3.3.0",
      "resolved": "https://registry.npmjs.org/@tiptap/react/-/react-3.3.0.tgz",
      "integrity": "sha512-7TCloYAMcEA0Z+Ke5m2X8BRM15amIzXRYPPXLlLKfDdYZgUh597jfF25gT5k/1MRPREo84p+GyP1OcY2WdTrjA==",
      "license": "MIT",
      "dependencies": {
        "@types/use-sync-external-store": "^0.0.6",
        "fast-deep-equal": "^3.1.3",
        "use-sync-external-store": "^1.4.0"
      },
      "funding": {
        "type": "github",
        "url": "https://github.com/sponsors/ueberdosis"
      },
      "optionalDependencies": {
        "@tiptap/extension-bubble-menu": "^3.3.0",
        "@tiptap/extension-floating-menu": "^3.3.0"
      },
      "peerDependencies": {
        "@tiptap/core": "^3.3.0",
        "@tiptap/pm": "^3.3.0",
        "react": "^17.0.0 || ^18.0.0 || ^19.0.0",
        "react-dom": "^17.0.0 || ^18.0.0 || ^19.0.0"
      }
    },
    "node_modules/@tiptap/starter-kit": {
      "version": "3.3.0",
      "resolved": "https://registry.npmjs.org/@tiptap/starter-kit/-/starter-kit-3.3.0.tgz",
      "integrity": "sha512-F527JUR0BgLHmOSZomEQ3INdiriIzaq4AMDGuG53MtBd1s+b1lvE4/U8gnQyVBRQC921Gl1xG8eJb2a60Rhk1w==",
      "license": "MIT",
      "dependencies": {
        "@tiptap/core": "^3.3.0",
        "@tiptap/extension-blockquote": "^3.3.0",
        "@tiptap/extension-bold": "^3.3.0",
        "@tiptap/extension-bullet-list": "^3.3.0",
        "@tiptap/extension-code": "^3.3.0",
        "@tiptap/extension-code-block": "^3.3.0",
        "@tiptap/extension-document": "^3.3.0",
        "@tiptap/extension-dropcursor": "^3.3.0",
        "@tiptap/extension-gapcursor": "^3.3.0",
        "@tiptap/extension-hard-break": "^3.3.0",
        "@tiptap/extension-heading": "^3.3.0",
        "@tiptap/extension-horizontal-rule": "^3.3.0",
        "@tiptap/extension-italic": "^3.3.0",
        "@tiptap/extension-link": "^3.3.0",
        "@tiptap/extension-list": "^3.3.0",
        "@tiptap/extension-list-item": "^3.3.0",
        "@tiptap/extension-list-keymap": "^3.3.0",
        "@tiptap/extension-ordered-list": "^3.3.0",
        "@tiptap/extension-paragraph": "^3.3.0",
        "@tiptap/extension-strike": "^3.3.0",
        "@tiptap/extension-text": "^3.3.0",
        "@tiptap/extension-underline": "^3.3.0",
        "@tiptap/extensions": "^3.3.0",
        "@tiptap/pm": "^3.3.0"
      },
      "funding": {
        "type": "github",
        "url": "https://github.com/sponsors/ueberdosis"
      }
    },
    "node_modules/@types/linkify-it": {
      "version": "5.0.0",
      "license": "MIT"
    },
    "node_modules/@types/markdown-it": {
      "version": "14.1.2",
      "license": "MIT",
      "dependencies": {
        "@types/linkify-it": "^5",
        "@types/mdurl": "^2"
      }
    },
    "node_modules/@types/mdurl": {
      "version": "2.0.0",
      "license": "MIT"
    },
    "node_modules/@types/use-sync-external-store": {
      "version": "0.0.6",
      "license": "MIT"
    },
    "node_modules/argparse": {
      "version": "2.0.1",
      "license": "Python-2.0"
    },
    "node_modules/crelt": {
      "version": "1.0.6",
      "license": "MIT"
    },
    "node_modules/entities": {
      "version": "4.5.0",
      "license": "BSD-2-Clause",
      "engines": {
        "node": ">=0.12"
      },
      "funding": {
        "url": "https://github.com/fb55/entities?sponsor=1"
      }
    },
    "node_modules/escape-string-regexp": {
      "version": "4.0.0",
      "license": "MIT",
      "engines": {
        "node": ">=10"
      },
      "funding": {
        "url": "https://github.com/sponsors/sindresorhus"
      }
    },
    "node_modules/fast-deep-equal": {
      "version": "3.1.3",
      "license": "MIT"
    },
    "node_modules/linkify-it": {
      "version": "5.0.0",
      "license": "MIT",
      "dependencies": {
        "uc.micro": "^2.0.0"
      }
    },
    "node_modules/linkifyjs": {
      "version": "4.3.2",
      "license": "MIT"
    },
    "node_modules/markdown-it": {
      "version": "14.1.0",
      "license": "MIT",
      "dependencies": {
        "argparse": "^2.0.1",
        "entities": "^4.4.0",
        "linkify-it": "^5.0.0",
        "mdurl": "^2.0.0",
        "punycode.js": "^2.3.1",
        "uc.micro": "^2.1.0"
      },
      "bin": {
        "markdown-it": "bin/markdown-it.mjs"
      }
    },
    "node_modules/mdurl": {
      "version": "2.0.0",
      "license": "MIT"
    },
    "node_modules/orderedmap": {
      "version": "2.1.1",
      "license": "MIT"
    },
    "node_modules/prosemirror-changeset": {
      "version": "2.3.1",
      "license": "MIT",
      "dependencies": {
        "prosemirror-transform": "^1.0.0"
      }
    },
    "node_modules/prosemirror-collab": {
      "version": "1.3.1",
      "license": "MIT",
      "dependencies": {
        "prosemirror-state": "^1.0.0"
      }
    },
    "node_modules/prosemirror-commands": {
      "version": "1.7.1",
      "license": "MIT",
      "dependencies": {
        "prosemirror-model": "^1.0.0",
        "prosemirror-state": "^1.0.0",
        "prosemirror-transform": "^1.10.2"
      }
    },
    "node_modules/prosemirror-dropcursor": {
      "version": "1.8.2",
      "license": "MIT",
      "dependencies": {
        "prosemirror-state": "^1.0.0",
        "prosemirror-transform": "^1.1.0",
        "prosemirror-view": "^1.1.0"
      }
    },
    "node_modules/prosemirror-gapcursor": {
      "version": "1.3.2",
      "license": "MIT",
      "dependencies": {
        "prosemirror-keymap": "^1.0.0",
        "prosemirror-model": "^1.0.0",
        "prosemirror-state": "^1.0.0",
        "prosemirror-view": "^1.0.0"
      }
    },
    "node_modules/prosemirror-history": {
      "version": "1.4.1",
      "license": "MIT",
      "dependencies": {
        "prosemirror-state": "^1.2.2",
        "prosemirror-transform": "^1.0.0",
        "prosemirror-view": "^1.31.0",
        "rope-sequence": "^1.3.0"
      }
    },
    "node_modules/prosemirror-inputrules": {
      "version": "1.5.0",
      "license": "MIT",
      "dependencies": {
        "prosemirror-state": "^1.0.0",
        "prosemirror-transform": "^1.0.0"
      }
    },
    "node_modules/prosemirror-keymap": {
      "version": "1.2.3",
      "license": "MIT",
      "dependencies": {
        "prosemirror-state": "^1.0.0",
        "w3c-keyname": "^2.2.0"
      }
    },
    "node_modules/prosemirror-markdown": {
      "version": "1.13.2",
      "license": "MIT",
      "dependencies": {
        "@types/markdown-it": "^14.0.0",
        "markdown-it": "^14.0.0",
        "prosemirror-model": "^1.25.0"
      }
    },
    "node_modules/prosemirror-menu": {
      "version": "1.2.5",
      "license": "MIT",
      "dependencies": {
        "crelt": "^1.0.0",
        "prosemirror-commands": "^1.0.0",
        "prosemirror-history": "^1.0.0",
        "prosemirror-state": "^1.0.0"
      }
    },
    "node_modules/prosemirror-model": {
      "version": "1.25.3",
      "license": "MIT",
      "dependencies": {
        "orderedmap": "^2.0.0"
      }
    },
    "node_modules/prosemirror-schema-basic": {
      "version": "1.2.4",
      "license": "MIT",
      "dependencies": {
        "prosemirror-model": "^1.25.0"
      }
    },
    "node_modules/prosemirror-schema-list": {
      "version": "1.5.1",
      "license": "MIT",
      "dependencies": {
        "prosemirror-model": "^1.0.0",
        "prosemirror-state": "^1.0.0",
        "prosemirror-transform": "^1.7.3"
      }
    },
    "node_modules/prosemirror-state": {
      "version": "1.4.3",
      "license": "MIT",
      "dependencies": {
        "prosemirror-model": "^1.0.0",
        "prosemirror-transform": "^1.0.0",
        "prosemirror-view": "^1.27.0"
      }
    },
    "node_modules/prosemirror-tables": {
      "version": "1.8.1",
      "license": "MIT",
      "dependencies": {
        "prosemirror-keymap": "^1.2.2",
        "prosemirror-model": "^1.25.0",
        "prosemirror-state": "^1.4.3",
        "prosemirror-transform": "^1.10.3",
        "prosemirror-view": "^1.39.1"
      }
    },
    "node_modules/prosemirror-trailing-node": {
      "version": "3.0.0",
      "license": "MIT",
      "dependencies": {
        "@remirror/core-constants": "3.0.0",
        "escape-string-regexp": "^4.0.0"
      },
      "peerDependencies": {
        "prosemirror-model": "^1.22.1",
        "prosemirror-state": "^1.4.2",
        "prosemirror-view": "^1.33.8"
      }
    },
    "node_modules/prosemirror-transform": {
      "version": "1.10.4",
      "license": "MIT",
      "dependencies": {
        "prosemirror-model": "^1.21.0"
      }
    },
    "node_modules/prosemirror-view": {
      "version": "1.40.1",
      "license": "MIT",
      "dependencies": {
        "prosemirror-model": "^1.20.0",
        "prosemirror-state": "^1.0.0",
        "prosemirror-transform": "^1.1.0"
      }
    },
    "node_modules/punycode.js": {
      "version": "2.3.1",
      "license": "MIT",
      "engines": {
        "node": ">=6"
      }
    },
    "node_modules/react": {
      "version": "19.1.1",
      "license": "MIT",
      "peer": true,
      "engines": {
        "node": ">=0.10.0"
      }
    },
    "node_modules/react-dom": {
      "version": "19.1.1",
      "license": "MIT",
      "peer": true,
      "dependencies": {
        "scheduler": "^0.26.0"
      },
      "peerDependencies": {
        "react": "^19.1.1"
      }
    },
    "node_modules/rope-sequence": {
      "version": "1.3.4",
      "license": "MIT"
    },
    "node_modules/scheduler": {
      "version": "0.26.0",
      "license": "MIT",
      "peer": true
    },
    "node_modules/uc.micro": {
      "version": "2.1.0",
      "license": "MIT"
    },
    "node_modules/use-sync-external-store": {
      "version": "1.5.0",
      "license": "MIT",
      "peerDependencies": {
        "react": "^16.8.0 || ^17.0.0 || ^18.0.0 || ^19.0.0"
      }
    },
    "node_modules/w3c-keyname": {
      "version": "2.2.8",
      "license": "MIT"
    }
  }
}
